
Microsoft Visual Studio Solution File, Format Version 12.00
# Visual Studio Version 16
VisualStudioVersion = 16.0.30717.126
MinimumVisualStudioVersion = 10.0.40219.1
Project("{9A19103F-16F7-4668-BE54-9A1E7A4F7556}") = "BrewJournal.Server", "BrewJournal\Server\BrewJournal.Server.csproj", "{ED5FEA94-9C57-4E08-8FF2-2ED4FE479A67}"
EndProject
Project("{9A19103F-16F7-4668-BE54-9A1E7A4F7556}") = "BrewJournal.Client", "BrewJournal\Client\BrewJournal.Client.csproj", "{690AFE3A-B5AB-4C2F-8250-7DE497D294CE}"
EndProject
Project("{9A19103F-16F7-4668-BE54-9A1E7A4F7556}") = "Models", "Models\Models.csproj", "{A07BA992-E5C7-44D0-8A05-8CEE86565CFA}"
EndProject
Project("{9A19103F-16F7-4668-BE54-9A1E7A4F7556}") = "DatabaseConnector", "DatabaseConnector\DatabaseConnector.csproj", "{3F01F561-B1AE-46B2-9406-87B75A776A7D}"
EndProject
Project("{9A19103F-16F7-4668-BE54-9A1E7A4F7556}") = "ClientUnitTests", "ClientUnitTests\ClientUnitTests.csproj", "{2D2EDBEE-DA7D-44D3-8390-7E4F25F87D97}"
EndProject
Project("{9A19103F-16F7-4668-BE54-9A1E7A4F7556}") = "ServerUnitTests", "ServerUnitTests\ServerUnitTests.csproj", "{E5885CA1-9B55-4C93-8104-9E0420EBA601}"
EndProject
Project("{2150E333-8FDC-42A3-9474-1A3956D46DE8}") = "Solution Items", "Solution Items", "{BCFB9C09-E6C7-48AD-83B5-45C00A859119}"
	ProjectSection(SolutionItems) = preProject
		.editorconfig = .editorconfig
		Directory.Build.props = Directory.Build.props
	EndProjectSection
EndProject
Global
	GlobalSection(SolutionConfigurationPlatforms) = preSolution
		Debug|Any CPU = Debug|Any CPU
		Release|Any CPU = Release|Any CPU
	EndGlobalSection
	GlobalSection(ProjectConfigurationPlatforms) = postSolution
		{ED5FEA94-9C57-4E08-8FF2-2ED4FE479A67}.Debug|Any CPU.ActiveCfg = Debug|Any CPU
		{ED5FEA94-9C57-4E08-8FF2-2ED4FE479A67}.Debug|Any CPU.Build.0 = Debug|Any CPU
		{ED5FEA94-9C57-4E08-8FF2-2ED4FE479A67}.Release|Any CPU.ActiveCfg = Release|Any CPU
		{ED5FEA94-9C57-4E08-8FF2-2ED4FE479A67}.Release|Any CPU.Build.0 = Release|Any CPU
		{690AFE3A-B5AB-4C2F-8250-7DE497D294CE}.Debug|Any CPU.ActiveCfg = Debug|Any CPU
		{690AFE3A-B5AB-4C2F-8250-7DE497D294CE}.Debug|Any CPU.Build.0 = Debug|Any CPU
		{690AFE3A-B5AB-4C2F-8250-7DE497D294CE}.Release|Any CPU.ActiveCfg = Release|Any CPU
		{690AFE3A-B5AB-4C2F-8250-7DE497D294CE}.Release|Any CPU.Build.0 = Release|Any CPU
		{A07BA992-E5C7-44D0-8A05-8CEE86565CFA}.Debug|Any CPU.ActiveCfg = Debug|Any CPU
		{A07BA992-E5C7-44D0-8A05-8CEE86565CFA}.Debug|Any CPU.Build.0 = Debug|Any CPU
		{A07BA992-E5C7-44D0-8A05-8CEE86565CFA}.Release|Any CPU.ActiveCfg = Release|Any CPU
		{A07BA992-E5C7-44D0-8A05-8CEE86565CFA}.Release|Any CPU.Build.0 = Release|Any CPU
		{3F01F561-B1AE-46B2-9406-87B75A776A7D}.Debug|Any CPU.ActiveCfg = Debug|Any CPU
		{3F01F561-B1AE-46B2-9406-87B75A776A7D}.Debug|Any CPU.Build.0 = Debug|Any CPU
		{3F01F561-B1AE-46B2-9406-87B75A776A7D}.Release|Any CPU.ActiveCfg = Release|Any CPU
		{3F01F561-B1AE-46B2-9406-87B75A776A7D}.Release|Any CPU.Build.0 = Release|Any CPU
		{2D2EDBEE-DA7D-44D3-8390-7E4F25F87D97}.Debug|Any CPU.ActiveCfg = Debug|Any CPU
		{2D2EDBEE-DA7D-44D3-8390-7E4F25F87D97}.Debug|Any CPU.Build.0 = Debug|Any CPU
		{2D2EDBEE-DA7D-44D3-8390-7E4F25F87D97}.Release|Any CPU.ActiveCfg = Release|Any CPU
		{2D2EDBEE-DA7D-44D3-8390-7E4F25F87D97}.Release|Any CPU.Build.0 = Release|Any CPU
		{E5885CA1-9B55-4C93-8104-9E0420EBA601}.Debug|Any CPU.ActiveCfg = Debug|Any CPU
		{E5885CA1-9B55-4C93-8104-9E0420EBA601}.Debug|Any CPU.Build.0 = Debug|Any CPU
		{E5885CA1-9B55-4C93-8104-9E0420EBA601}.Release|Any CPU.ActiveCfg = Release|Any CPU
		{E5885CA1-9B55-4C93-8104-9E0420EBA601}.Release|Any CPU.Build.0 = Release|Any CPU
	EndGlobalSection
	GlobalSection(SolutionProperties) = preSolution
		HideSolutionNode = FALSE
	EndGlobalSection
	GlobalSection(ExtensibilityGlobals) = postSolution
		SolutionGuid = {F6953416-C03B-4542-A292-683F5A295CCF}
	EndGlobalSection
EndGlobal
